
Microsoft Visual Studio Solution File, Format Version 12.00
# Visual Studio 15
VisualStudioVersion = 15.0.26430.13
MinimumVisualStudioVersion = 10.0.40219.1
Project("{FAE04EC0-301F-11D3-BF4B-00C04F79EFBC}") = "DroneLander.Android", "DroneLander\DroneLander.Android\DroneLander.Android.csproj", "{2B4C2DB7-C67B-40F9-90BE-E5C19679D5FE}"
EndProject
Project("{FAE04EC0-301F-11D3-BF4B-00C04F79EFBC}") = "DroneLander", "DroneLander\DroneLander\DroneLander.csproj", "{A7A98421-830F-4551-937B-EAB0E942A50B}"
EndProject
Project("{FAE04EC0-301F-11D3-BF4B-00C04F79EFBC}") = "DroneLander.UWP", "DroneLander\DroneLander.UWP\DroneLander.UWP.csproj", "{E28BA601-266C-491B-A5E0-10C8193AAC2D}"
EndProject
Project("{FAE04EC0-301F-11D3-BF4B-00C04F79EFBC}") = "DroneLander.iOS", "DroneLander\DroneLander.iOS\DroneLander.iOS.csproj", "{34CFE025-0D5C-498B-A8F1-46DCD7BB73F2}"
EndProject
Global
	GlobalSection(SolutionConfigurationPlatforms) = preSolution
		Ad-Hoc|Any CPU = Ad-Hoc|Any CPU
		Ad-Hoc|ARM = Ad-Hoc|ARM
		Ad-Hoc|iPhone = Ad-Hoc|iPhone
		Ad-Hoc|iPhoneSimulator = Ad-Hoc|iPhoneSimulator
		Ad-Hoc|x64 = Ad-Hoc|x64
		Ad-Hoc|x86 = Ad-Hoc|x86
		AppStore|Any CPU = AppStore|Any CPU
		AppStore|ARM = AppStore|ARM
		AppStore|iPhone = AppStore|iPhone
		AppStore|iPhoneSimulator = AppStore|iPhoneSimulator
		AppStore|x64 = AppStore|x64
		AppStore|x86 = AppStore|x86
		Debug|Any CPU = Debug|Any CPU
		Debug|ARM = Debug|ARM
		Debug|iPhone = Debug|iPhone
		Debug|iPhoneSimulator = Debug|iPhoneSimulator
		Debug|x64 = Debug|x64
		Debug|x86 = Debug|x86
		Release|Any CPU = Release|Any CPU
		Release|ARM = Release|ARM
		Release|iPhone = Release|iPhone
		Release|iPhoneSimulator = Release|iPhoneSimulator
		Release|x64 = Release|x64
		Release|x86 = Release|x86
	EndGlobalSection
	GlobalSection(ProjectConfigurationPlatforms) = postSolution
		{2B4C2DB7-C67B-40F9-90BE-E5C19679D5FE}.Ad-Hoc|Any CPU.ActiveCfg = Release|Any CPU
		{2B4C2DB7-C67B-40F9-90BE-E5C19679D5FE}.Ad-Hoc|Any CPU.Build.0 = Release|Any CPU
		{2B4C2DB7-C67B-40F9-90BE-E5C19679D5FE}.Ad-Hoc|Any CPU.Deploy.0 = Release|Any CPU
		{2B4C2DB7-C67B-40F9-90BE-E5C19679D5FE}.Ad-Hoc|ARM.ActiveCfg = Release|Any CPU
		{2B4C2DB7-C67B-40F9-90BE-E5C19679D5FE}.Ad-Hoc|ARM.Build.0 = Release|Any CPU
		{2B4C2DB7-C67B-40F9-90BE-E5C19679D5FE}.Ad-Hoc|ARM.Deploy.0 = Release|Any CPU
		{2B4C2DB7-C67B-40F9-90BE-E5C19679D5FE}.Ad-Hoc|iPhone.ActiveCfg = Release|Any CPU
		{2B4C2DB7-C67B-40F9-90BE-E5C19679D5FE}.Ad-Hoc|iPhone.Build.0 = Release|Any CPU
		{2B4C2DB7-C67B-40F9-90BE-E5C19679D5FE}.Ad-Hoc|iPhone.Deploy.0 = Release|Any CPU
		{2B4C2DB7-C67B-40F9-90BE-E5C19679D5FE}.Ad-Hoc|iPhoneSimulator.ActiveCfg = Release|Any CPU
		{2B4C2DB7-C67B-40F9-90BE-E5C19679D5FE}.Ad-Hoc|iPhoneSimulator.Build.0 = Release|Any CPU
		{2B4C2DB7-C67B-40F9-90BE-E5C19679D5FE}.Ad-Hoc|iPhoneSimulator.Deploy.0 = Release|Any CPU
		{2B4C2DB7-C67B-40F9-90BE-E5C19679D5FE}.Ad-Hoc|x64.ActiveCfg = Release|Any CPU
		{2B4C2DB7-C67B-40F9-90BE-E5C19679D5FE}.Ad-Hoc|x64.Build.0 = Release|Any CPU
		{2B4C2DB7-C67B-40F9-90BE-E5C19679D5FE}.Ad-Hoc|x64.Deploy.0 = Release|Any CPU
		{2B4C2DB7-C67B-40F9-90BE-E5C19679D5FE}.Ad-Hoc|x86.ActiveCfg = Release|Any CPU
		{2B4C2DB7-C67B-40F9-90BE-E5C19679D5FE}.Ad-Hoc|x86.Build.0 = Release|Any CPU
		{2B4C2DB7-C67B-40F9-90BE-E5C19679D5FE}.Ad-Hoc|x86.Deploy.0 = Release|Any CPU
		{2B4C2DB7-C67B-40F9-90BE-E5C19679D5FE}.AppStore|Any CPU.ActiveCfg = Release|Any CPU
		{2B4C2DB7-C67B-40F9-90BE-E5C19679D5FE}.AppStore|Any CPU.Build.0 = Release|Any CPU
		{2B4C2DB7-C67B-40F9-90BE-E5C19679D5FE}.AppStore|Any CPU.Deploy.0 = Release|Any CPU
		{2B4C2DB7-C67B-40F9-90BE-E5C19679D5FE}.AppStore|ARM.ActiveCfg = Release|Any CPU
		{2B4C2DB7-C67B-40F9-90BE-E5C19679D5FE}.AppStore|ARM.Build.0 = Release|Any CPU
		{2B4C2DB7-C67B-40F9-90BE-E5C19679D5FE}.AppStore|ARM.Deploy.0 = Release|Any CPU
		{2B4C2DB7-C67B-40F9-90BE-E5C19679D5FE}.AppStore|iPhone.ActiveCfg = Release|Any CPU
		{2B4C2DB7-C67B-40F9-90BE-E5C19679D5FE}.AppStore|iPhone.Build.0 = Release|Any CPU
		{2B4C2DB7-C67B-40F9-90BE-E5C19679D5FE}.AppStore|iPhone.Deploy.0 = Release|Any CPU
		{2B4C2DB7-C67B-40F9-90BE-E5C19679D5FE}.AppStore|iPhoneSimulator.ActiveCfg = Release|Any CPU
		{2B4C2DB7-C67B-40F9-90BE-E5C19679D5FE}.AppStore|iPhoneSimulator.Build.0 = Release|Any CPU
		{2B4C2DB7-C67B-40F9-90BE-E5C19679D5FE}.AppStore|iPhoneSimulator.Deploy.0 = Release|Any CPU
		{2B4C2DB7-C67B-40F9-90BE-E5C19679D5FE}.AppStore|x64.ActiveCfg = Release|Any CPU
		{2B4C2DB7-C67B-40F9-90BE-E5C19679D5FE}.AppStore|x64.Build.0 = Release|Any CPU
		{2B4C2DB7-C67B-40F9-90BE-E5C19679D5FE}.AppStore|x64.Deploy.0 = Release|Any CPU
		{2B4C2DB7-C67B-40F9-90BE-E5C19679D5FE}.AppStore|x86.ActiveCfg = Release|Any CPU
		{2B4C2DB7-C67B-40F9-90BE-E5C19679D5FE}.AppStore|x86.Build.0 = Release|Any CPU
		{2B4C2DB7-C67B-40F9-90BE-E5C19679D5FE}.AppStore|x86.Deploy.0 = Release|Any CPU
		{2B4C2DB7-C67B-40F9-90BE-E5C19679D5FE}.Debug|Any CPU.ActiveCfg = Debug|Any CPU
		{2B4C2DB7-C67B-40F9-90BE-E5C19679D5FE}.Debug|Any CPU.Build.0 = Debug|Any CPU
		{2B4C2DB7-C67B-40F9-90BE-E5C19679D5FE}.Debug|Any CPU.Deploy.0 = Debug|Any CPU
		{2B4C2DB7-C67B-40F9-90BE-E5C19679D5FE}.Debug|ARM.ActiveCfg = Debug|Any CPU
		{2B4C2DB7-C67B-40F9-90BE-E5C19679D5FE}.Debug|ARM.Build.0 = Debug|Any CPU
		{2B4C2DB7-C67B-40F9-90BE-E5C19679D5FE}.Debug|ARM.Deploy.0 = Debug|Any CPU
		{2B4C2DB7-C67B-40F9-90BE-E5C19679D5FE}.Debug|iPhone.ActiveCfg = Debug|Any CPU
		{2B4C2DB7-C67B-40F9-90BE-E5C19679D5FE}.Debug|iPhone.Build.0 = Debug|Any CPU
		{2B4C2DB7-C67B-40F9-90BE-E5C19679D5FE}.Debug|iPhone.Deploy.0 = Debug|Any CPU
		{2B4C2DB7-C67B-40F9-90BE-E5C19679D5FE}.Debug|iPhoneSimulator.ActiveCfg = Debug|Any CPU
		{2B4C2DB7-C67B-40F9-90BE-E5C19679D5FE}.Debug|iPhoneSimulator.Build.0 = Debug|Any CPU
		{2B4C2DB7-C67B-40F9-90BE-E5C19679D5FE}.Debug|iPhoneSimulator.Deploy.0 = Debug|Any CPU
		{2B4C2DB7-C67B-40F9-90BE-E5C19679D5FE}.Debug|x64.ActiveCfg = Debug|Any CPU
		{2B4C2DB7-C67B-40F9-90BE-E5C19679D5FE}.Debug|x64.Build.0 = Debug|Any CPU
		{2B4C2DB7-C67B-40F9-90BE-E5C19679D5FE}.Debug|x64.Deploy.0 = Debug|Any CPU
		{2B4C2DB7-C67B-40F9-90BE-E5C19679D5FE}.Debug|x86.ActiveCfg = Debug|Any CPU
		{2B4C2DB7-C67B-40F9-90BE-E5C19679D5FE}.Debug|x86.Build.0 = Debug|Any CPU
		{2B4C2DB7-C67B-40F9-90BE-E5C19679D5FE}.Debug|x86.Deploy.0 = Debug|Any CPU
		{2B4C2DB7-C67B-40F9-90BE-E5C19679D5FE}.Release|Any CPU.ActiveCfg = Release|Any CPU
		{2B4C2DB7-C67B-40F9-90BE-E5C19679D5FE}.Release|Any CPU.Build.0 = Release|Any CPU
		{2B4C2DB7-C67B-40F9-90BE-E5C19679D5FE}.Release|Any CPU.Deploy.0 = Release|Any CPU
		{2B4C2DB7-C67B-40F9-90BE-E5C19679D5FE}.Release|ARM.ActiveCfg = Release|Any CPU
		{2B4C2DB7-C67B-40F9-90BE-E5C19679D5FE}.Release|ARM.Build.0 = Release|Any CPU
		{2B4C2DB7-C67B-40F9-90BE-E5C19679D5FE}.Release|ARM.Deploy.0 = Release|Any CPU
		{2B4C2DB7-C67B-40F9-90BE-E5C19679D5FE}.Release|iPhone.ActiveCfg = Release|Any CPU
		{2B4C2DB7-C67B-40F9-90BE-E5C19679D5FE}.Release|iPhone.Build.0 = Release|Any CPU
		{2B4C2DB7-C67B-40F9-90BE-E5C19679D5FE}.Release|iPhone.Deploy.0 = Release|Any CPU
		{2B4C2DB7-C67B-40F9-90BE-E5C19679D5FE}.Release|iPhoneSimulator.ActiveCfg = Release|Any CPU
		{2B4C2DB7-C67B-40F9-90BE-E5C19679D5FE}.Release|iPhoneSimulator.Build.0 = Release|Any CPU
		{2B4C2DB7-C67B-40F9-90BE-E5C19679D5FE}.Release|iPhoneSimulator.Deploy.0 = Release|Any CPU
		{2B4C2DB7-C67B-40F9-90BE-E5C19679D5FE}.Release|x64.ActiveCfg = Release|Any CPU
		{2B4C2DB7-C67B-40F9-90BE-E5C19679D5FE}.Release|x64.Build.0 = Release|Any CPU
		{2B4C2DB7-C67B-40F9-90BE-E5C19679D5FE}.Release|x64.Deploy.0 = Release|Any CPU
		{2B4C2DB7-C67B-40F9-90BE-E5C19679D5FE}.Release|x86.ActiveCfg = Release|Any CPU
		{2B4C2DB7-C67B-40F9-90BE-E5C19679D5FE}.Release|x86.Build.0 = Release|Any CPU
		{2B4C2DB7-C67B-40F9-90BE-E5C19679D5FE}.Release|x86.Deploy.0 = Release|Any CPU
		{A7A98421-830F-4551-937B-EAB0E942A50B}.Ad-Hoc|Any CPU.ActiveCfg = Release|Any CPU
		{A7A98421-830F-4551-937B-EAB0E942A50B}.Ad-Hoc|Any CPU.Build.0 = Release|Any CPU
		{A7A98421-830F-4551-937B-EAB0E942A50B}.Ad-Hoc|ARM.ActiveCfg = Release|Any CPU
		{A7A98421-830F-4551-937B-EAB0E942A50B}.Ad-Hoc|ARM.Build.0 = Release|Any CPU
		{A7A98421-830F-4551-937B-EAB0E942A50B}.Ad-Hoc|iPhone.ActiveCfg = Release|Any CPU
		{A7A98421-830F-4551-937B-EAB0E942A50B}.Ad-Hoc|iPhone.Build.0 = Release|Any CPU
		{A7A98421-830F-4551-937B-EAB0E942A50B}.Ad-Hoc|iPhoneSimulator.ActiveCfg = Release|Any CPU
		{A7A98421-830F-4551-937B-EAB0E942A50B}.Ad-Hoc|iPhoneSimulator.Build.0 = Release|Any CPU
		{A7A98421-830F-4551-937B-EAB0E942A50B}.Ad-Hoc|x64.ActiveCfg = Release|Any CPU
		{A7A98421-830F-4551-937B-EAB0E942A50B}.Ad-Hoc|x64.Build.0 = Release|Any CPU
		{A7A98421-830F-4551-937B-EAB0E942A50B}.Ad-Hoc|x86.ActiveCfg = Release|Any CPU
		{A7A98421-830F-4551-937B-EAB0E942A50B}.Ad-Hoc|x86.Build.0 = Release|Any CPU
		{A7A98421-830F-4551-937B-EAB0E942A50B}.AppStore|Any CPU.ActiveCfg = Release|Any CPU
		{A7A98421-830F-4551-937B-EAB0E942A50B}.AppStore|Any CPU.Build.0 = Release|Any CPU
		{A7A98421-830F-4551-937B-EAB0E942A50B}.AppStore|ARM.ActiveCfg = Release|Any CPU
		{A7A98421-830F-4551-937B-EAB0E942A50B}.AppStore|ARM.Build.0 = Release|Any CPU
		{A7A98421-830F-4551-937B-EAB0E942A50B}.AppStore|iPhone.ActiveCfg = Release|Any CPU
		{A7A98421-830F-4551-937B-EAB0E942A50B}.AppStore|iPhone.Build.0 = Release|Any CPU
		{A7A98421-830F-4551-937B-EAB0E942A50B}.AppStore|iPhoneSimulator.ActiveCfg = Release|Any CPU
		{A7A98421-830F-4551-937B-EAB0E942A50B}.AppStore|iPhoneSimulator.Build.0 = Release|Any CPU
		{A7A98421-830F-4551-937B-EAB0E942A50B}.AppStore|x64.ActiveCfg = Release|Any CPU
		{A7A98421-830F-4551-937B-EAB0E942A50B}.AppStore|x64.Build.0 = Release|Any CPU
		{A7A98421-830F-4551-937B-EAB0E942A50B}.AppStore|x86.ActiveCfg = Release|Any CPU
		{A7A98421-830F-4551-937B-EAB0E942A50B}.AppStore|x86.Build.0 = Release|Any CPU
		{A7A98421-830F-4551-937B-EAB0E942A50B}.Debug|Any CPU.ActiveCfg = Debug|Any CPU
		{A7A98421-830F-4551-937B-EAB0E942A50B}.Debug|Any CPU.Build.0 = Debug|Any CPU
		{A7A98421-830F-4551-937B-EAB0E942A50B}.Debug|ARM.ActiveCfg = Debug|Any CPU
		{A7A98421-830F-4551-937B-EAB0E942A50B}.Debug|ARM.Build.0 = Debug|Any CPU
		{A7A98421-830F-4551-937B-EAB0E942A50B}.Debug|iPhone.ActiveCfg = Debug|Any CPU
		{A7A98421-830F-4551-937B-EAB0E942A50B}.Debug|iPhone.Build.0 = Debug|Any CPU
		{A7A98421-830F-4551-937B-EAB0E942A50B}.Debug|iPhoneSimulator.ActiveCfg = Debug|Any CPU
		{A7A98421-830F-4551-937B-EAB0E942A50B}.Debug|iPhoneSimulator.Build.0 = Debug|Any CPU
		{A7A98421-830F-4551-937B-EAB0E942A50B}.Debug|x64.ActiveCfg = Debug|Any CPU
		{A7A98421-830F-4551-937B-EAB0E942A50B}.Debug|x64.Build.0 = Debug|Any CPU
		{A7A98421-830F-4551-937B-EAB0E942A50B}.Debug|x86.ActiveCfg = Debug|Any CPU
		{A7A98421-830F-4551-937B-EAB0E942A50B}.Debug|x86.Build.0 = Debug|Any CPU
		{A7A98421-830F-4551-937B-EAB0E942A50B}.Release|Any CPU.ActiveCfg = Release|Any CPU
		{A7A98421-830F-4551-937B-EAB0E942A50B}.Release|Any CPU.Build.0 = Release|Any CPU
		{A7A98421-830F-4551-937B-EAB0E942A50B}.Release|ARM.ActiveCfg = Release|Any CPU
		{A7A98421-830F-4551-937B-EAB0E942A50B}.Release|ARM.Build.0 = Release|Any CPU
		{A7A98421-830F-4551-937B-EAB0E942A50B}.Release|iPhone.ActiveCfg = Release|Any CPU
		{A7A98421-830F-4551-937B-EAB0E942A50B}.Release|iPhone.Build.0 = Release|Any CPU
		{A7A98421-830F-4551-937B-EAB0E942A50B}.Release|iPhoneSimulator.ActiveCfg = Release|Any CPU
		{A7A98421-830F-4551-937B-EAB0E942A50B}.Release|iPhoneSimulator.Build.0 = Release|Any CPU
		{A7A98421-830F-4551-937B-EAB0E942A50B}.Release|x64.ActiveCfg = Release|Any CPU
		{A7A98421-830F-4551-937B-EAB0E942A50B}.Release|x64.Build.0 = Release|Any CPU
		{A7A98421-830F-4551-937B-EAB0E942A50B}.Release|x86.ActiveCfg = Release|Any CPU
		{A7A98421-830F-4551-937B-EAB0E942A50B}.Release|x86.Build.0 = Release|Any CPU
		{E28BA601-266C-491B-A5E0-10C8193AAC2D}.Ad-Hoc|Any CPU.ActiveCfg = Release|x86
		{E28BA601-266C-491B-A5E0-10C8193AAC2D}.Ad-Hoc|Any CPU.Build.0 = Release|x86
		{E28BA601-266C-491B-A5E0-10C8193AAC2D}.Ad-Hoc|Any CPU.Deploy.0 = Release|x86
		{E28BA601-266C-491B-A5E0-10C8193AAC2D}.Ad-Hoc|ARM.ActiveCfg = Release|ARM
		{E28BA601-266C-491B-A5E0-10C8193AAC2D}.Ad-Hoc|ARM.Build.0 = Release|ARM
		{E28BA601-266C-491B-A5E0-10C8193AAC2D}.Ad-Hoc|ARM.Deploy.0 = Release|ARM
		{E28BA601-266C-491B-A5E0-10C8193AAC2D}.Ad-Hoc|iPhone.ActiveCfg = Release|x86
		{E28BA601-266C-491B-A5E0-10C8193AAC2D}.Ad-Hoc|iPhone.Build.0 = Release|x86
		{E28BA601-266C-491B-A5E0-10C8193AAC2D}.Ad-Hoc|iPhone.Deploy.0 = Release|x86
		{E28BA601-266C-491B-A5E0-10C8193AAC2D}.Ad-Hoc|iPhoneSimulator.ActiveCfg = Release|x86
		{E28BA601-266C-491B-A5E0-10C8193AAC2D}.Ad-Hoc|iPhoneSimulator.Build.0 = Release|x86
		{E28BA601-266C-491B-A5E0-10C8193AAC2D}.Ad-Hoc|iPhoneSimulator.Deploy.0 = Release|x86
		{E28BA601-266C-491B-A5E0-10C8193AAC2D}.Ad-Hoc|x64.ActiveCfg = Release|x64
		{E28BA601-266C-491B-A5E0-10C8193AAC2D}.Ad-Hoc|x64.Build.0 = Release|x64
		{E28BA601-266C-491B-A5E0-10C8193AAC2D}.Ad-Hoc|x64.Deploy.0 = Release|x64
		{E28BA601-266C-491B-A5E0-10C8193AAC2D}.Ad-Hoc|x86.ActiveCfg = Release|x86
		{E28BA601-266C-491B-A5E0-10C8193AAC2D}.Ad-Hoc|x86.Build.0 = Release|x86
		{E28BA601-266C-491B-A5E0-10C8193AAC2D}.Ad-Hoc|x86.Deploy.0 = Release|x86
		{E28BA601-266C-491B-A5E0-10C8193AAC2D}.AppStore|Any CPU.ActiveCfg = Release|x86
		{E28BA601-266C-491B-A5E0-10C8193AAC2D}.AppStore|Any CPU.Build.0 = Release|x86
		{E28BA601-266C-491B-A5E0-10C8193AAC2D}.AppStore|Any CPU.Deploy.0 = Release|x86
		{E28BA601-266C-491B-A5E0-10C8193AAC2D}.AppStore|ARM.ActiveCfg = Release|ARM
		{E28BA601-266C-491B-A5E0-10C8193AAC2D}.AppStore|ARM.Build.0 = Release|ARM
		{E28BA601-266C-491B-A5E0-10C8193AAC2D}.AppStore|ARM.Deploy.0 = Release|ARM
		{E28BA601-266C-491B-A5E0-10C8193AAC2D}.AppStore|iPhone.ActiveCfg = Release|x86
		{E28BA601-266C-491B-A5E0-10C8193AAC2D}.AppStore|iPhone.Build.0 = Release|x86
		{E28BA601-266C-491B-A5E0-10C8193AAC2D}.AppStore|iPhone.Deploy.0 = Release|x86
		{E28BA601-266C-491B-A5E0-10C8193AAC2D}.AppStore|iPhoneSimulator.ActiveCfg = Release|x86
		{E28BA601-266C-491B-A5E0-10C8193AAC2D}.AppStore|iPhoneSimulator.Build.0 = Release|x86
		{E28BA601-266C-491B-A5E0-10C8193AAC2D}.AppStore|iPhoneSimulator.Deploy.0 = Release|x86
		{E28BA601-266C-491B-A5E0-10C8193AAC2D}.AppStore|x64.ActiveCfg = Release|x64
		{E28BA601-266C-491B-A5E0-10C8193AAC2D}.AppStore|x64.Build.0 = Release|x64
		{E28BA601-266C-491B-A5E0-10C8193AAC2D}.AppStore|x64.Deploy.0 = Release|x64
		{E28BA601-266C-491B-A5E0-10C8193AAC2D}.AppStore|x86.ActiveCfg = Release|x86
		{E28BA601-266C-491B-A5E0-10C8193AAC2D}.AppStore|x86.Build.0 = Release|x86
		{E28BA601-266C-491B-A5E0-10C8193AAC2D}.AppStore|x86.Deploy.0 = Release|x86
		{E28BA601-266C-491B-A5E0-10C8193AAC2D}.Debug|Any CPU.ActiveCfg = Debug|x86
		{E28BA601-266C-491B-A5E0-10C8193AAC2D}.Debug|Any CPU.Build.0 = Debug|x86
		{E28BA601-266C-491B-A5E0-10C8193AAC2D}.Debug|Any CPU.Deploy.0 = Debug|x86
		{E28BA601-266C-491B-A5E0-10C8193AAC2D}.Debug|ARM.ActiveCfg = Debug|ARM
		{E28BA601-266C-491B-A5E0-10C8193AAC2D}.Debug|ARM.Build.0 = Debug|ARM
		{E28BA601-266C-491B-A5E0-10C8193AAC2D}.Debug|ARM.Deploy.0 = Debug|ARM
		{E28BA601-266C-491B-A5E0-10C8193AAC2D}.Debug|iPhone.ActiveCfg = Debug|x86
		{E28BA601-266C-491B-A5E0-10C8193AAC2D}.Debug|iPhoneSimulator.ActiveCfg = Debug|x86
		{E28BA601-266C-491B-A5E0-10C8193AAC2D}.Debug|x64.ActiveCfg = Debug|x64
		{E28BA601-266C-491B-A5E0-10C8193AAC2D}.Debug|x64.Build.0 = Debug|x64
		{E28BA601-266C-491B-A5E0-10C8193AAC2D}.Debug|x64.Deploy.0 = Debug|x64
		{E28BA601-266C-491B-A5E0-10C8193AAC2D}.Debug|x86.ActiveCfg = Debug|x86
		{E28BA601-266C-491B-A5E0-10C8193AAC2D}.Debug|x86.Build.0 = Debug|x86
		{E28BA601-266C-491B-A5E0-10C8193AAC2D}.Debug|x86.Deploy.0 = Debug|x86
		{E28BA601-266C-491B-A5E0-10C8193AAC2D}.Release|Any CPU.ActiveCfg = Release|x86
		{E28BA601-266C-491B-A5E0-10C8193AAC2D}.Release|ARM.ActiveCfg = Release|ARM
		{E28BA601-266C-491B-A5E0-10C8193AAC2D}.Release|ARM.Build.0 = Release|ARM
		{E28BA601-266C-491B-A5E0-10C8193AAC2D}.Release|ARM.Deploy.0 = Release|ARM
		{E28BA601-266C-491B-A5E0-10C8193AAC2D}.Release|iPhone.ActiveCfg = Release|x86
		{E28BA601-266C-491B-A5E0-10C8193AAC2D}.Release|iPhoneSimulator.ActiveCfg = Release|x86
		{E28BA601-266C-491B-A5E0-10C8193AAC2D}.Release|x64.ActiveCfg = Release|x64
		{E28BA601-266C-491B-A5E0-10C8193AAC2D}.Release|x64.Build.0 = Release|x64
		{E28BA601-266C-491B-A5E0-10C8193AAC2D}.Release|x64.Deploy.0 = Release|x64
		{E28BA601-266C-491B-A5E0-10C8193AAC2D}.Release|x86.ActiveCfg = Release|x86
		{E28BA601-266C-491B-A5E0-10C8193AAC2D}.Release|x86.Build.0 = Release|x86
		{E28BA601-266C-491B-A5E0-10C8193AAC2D}.Release|x86.Deploy.0 = Release|x86
		{34CFE025-0D5C-498B-A8F1-46DCD7BB73F2}.Ad-Hoc|Any CPU.ActiveCfg = Ad-Hoc|iPhone
		{34CFE025-0D5C-498B-A8F1-46DCD7BB73F2}.Ad-Hoc|ARM.ActiveCfg = Ad-Hoc|iPhone
		{34CFE025-0D5C-498B-A8F1-46DCD7BB73F2}.Ad-Hoc|iPhone.ActiveCfg = Ad-Hoc|iPhone
		{34CFE025-0D5C-498B-A8F1-46DCD7BB73F2}.Ad-Hoc|iPhone.Build.0 = Ad-Hoc|iPhone
		{34CFE025-0D5C-498B-A8F1-46DCD7BB73F2}.Ad-Hoc|iPhoneSimulator.ActiveCfg = Ad-Hoc|iPhoneSimulator
		{34CFE025-0D5C-498B-A8F1-46DCD7BB73F2}.Ad-Hoc|iPhoneSimulator.Build.0 = Ad-Hoc|iPhoneSimulator
		{34CFE025-0D5C-498B-A8F1-46DCD7BB73F2}.Ad-Hoc|x64.ActiveCfg = Ad-Hoc|iPhone
		{34CFE025-0D5C-498B-A8F1-46DCD7BB73F2}.Ad-Hoc|x86.ActiveCfg = Ad-Hoc|iPhone
		{34CFE025-0D5C-498B-A8F1-46DCD7BB73F2}.AppStore|Any CPU.ActiveCfg = AppStore|iPhone
		{34CFE025-0D5C-498B-A8F1-46DCD7BB73F2}.AppStore|ARM.ActiveCfg = AppStore|iPhone
		{34CFE025-0D5C-498B-A8F1-46DCD7BB73F2}.AppStore|iPhone.ActiveCfg = AppStore|iPhone
		{34CFE025-0D5C-498B-A8F1-46DCD7BB73F2}.AppStore|iPhone.Build.0 = AppStore|iPhone
		{34CFE025-0D5C-498B-A8F1-46DCD7BB73F2}.AppStore|iPhoneSimulator.ActiveCfg = AppStore|iPhoneSimulator
		{34CFE025-0D5C-498B-A8F1-46DCD7BB73F2}.AppStore|iPhoneSimulator.Build.0 = AppStore|iPhoneSimulator
		{34CFE025-0D5C-498B-A8F1-46DCD7BB73F2}.AppStore|x64.ActiveCfg = AppStore|iPhone
		{34CFE025-0D5C-498B-A8F1-46DCD7BB73F2}.AppStore|x86.ActiveCfg = AppStore|iPhone
		{34CFE025-0D5C-498B-A8F1-46DCD7BB73F2}.Debug|Any CPU.ActiveCfg = Debug|iPhone
		{34CFE025-0D5C-498B-A8F1-46DCD7BB73F2}.Debug|ARM.ActiveCfg = Debug|iPhone
		{34CFE025-0D5C-498B-A8F1-46DCD7BB73F2}.Debug|iPhone.ActiveCfg = Debug|iPhone
		{34CFE025-0D5C-498B-A8F1-46DCD7BB73F2}.Debug|iPhone.Build.0 = Debug|iPhone
		{34CFE025-0D5C-498B-A8F1-46DCD7BB73F2}.Debug|iPhoneSimulator.ActiveCfg = Debug|iPhoneSimulator
		{34CFE025-0D5C-498B-A8F1-46DCD7BB73F2}.Debug|iPhoneSimulator.Build.0 = Debug|iPhoneSimulator
		{34CFE025-0D5C-498B-A8F1-46DCD7BB73F2}.Debug|x64.ActiveCfg = Debug|iPhone
		{34CFE025-0D5C-498B-A8F1-46DCD7BB73F2}.Debug|x86.ActiveCfg = Debug|iPhone
		{34CFE025-0D5C-498B-A8F1-46DCD7BB73F2}.Release|Any CPU.ActiveCfg = Release|iPhone
		{34CFE025-0D5C-498B-A8F1-46DCD7BB73F2}.Release|ARM.ActiveCfg = Release|iPhone
		{34CFE025-0D5C-498B-A8F1-46DCD7BB73F2}.Release|iPhone.ActiveCfg = Release|iPhone
		{34CFE025-0D5C-498B-A8F1-46DCD7BB73F2}.Release|iPhone.Build.0 = Release|iPhone
		{34CFE025-0D5C-498B-A8F1-46DCD7BB73F2}.Release|iPhoneSimulator.ActiveCfg = Release|iPhoneSimulator
		{34CFE025-0D5C-498B-A8F1-46DCD7BB73F2}.Release|iPhoneSimulator.Build.0 = Release|iPhoneSimulator
		{34CFE025-0D5C-498B-A8F1-46DCD7BB73F2}.Release|x64.ActiveCfg = Release|iPhone
		{34CFE025-0D5C-498B-A8F1-46DCD7BB73F2}.Release|x86.ActiveCfg = Release|iPhone
	EndGlobalSection
	GlobalSection(SolutionProperties) = preSolution
		HideSolutionNode = FALSE
	EndGlobalSection
EndGlobal
